
Microsoft Visual Studio Solution File, Format Version 12.00
# Visual Studio Version 16
VisualStudioVersion = 16.0.31321.278
MinimumVisualStudioVersion = 10.0.40219.1
Project("{FAE04EC0-301F-11D3-BF4B-00C04F79EFBC}") = "Sorting_Algorithms", "Sorting_Algorithms.csproj", "{19471BBE-C079-4347-96FD-16CFB5D0FDBC}"
EndProject
Global
	GlobalSection(SolutionConfigurationPlatforms) = preSolution
		Debug|Any CPU = Debug|Any CPU
		Release|Any CPU = Release|Any CPU
	EndGlobalSection
	GlobalSection(ProjectConfigurationPlatforms) = postSolution
		{19471BBE-C079-4347-96FD-16CFB5D0FDBC}.Debug|Any CPU.ActiveCfg = Debug|Any CPU
		{19471BBE-C079-4347-96FD-16CFB5D0FDBC}.Debug|Any CPU.Build.0 = Debug|Any CPU
		{19471BBE-C079-4347-96FD-16CFB5D0FDBC}.Release|Any CPU.ActiveCfg = Release|Any CPU
		{19471BBE-C079-4347-96FD-16CFB5D0FDBC}.Release|Any CPU.Build.0 = Release|Any CPU
	EndGlobalSection
	GlobalSection(SolutionProperties) = preSolution
		HideSolutionNode = FALSE
	EndGlobalSection
	GlobalSection(ExtensibilityGlobals) = postSolution
		SolutionGuid = {6D225424-6473-497E-9416-35C6ED37B40D}
	EndGlobalSection
EndGlobal
