
Microsoft Visual Studio Solution File, Format Version 12.00
# Visual Studio Version 16
VisualStudioVersion = 16.0.31321.278
MinimumVisualStudioVersion = 10.0.40219.1
Project("{FAE04EC0-301F-11D3-BF4B-00C04F79EFBC}") = "SkyNetRevolutionEpisode1", "SkyNetRevolutionEpisode1.csproj", "{8CEF1E34-5F53-4C8B-99F4-741B7445E54A}"
EndProject
Global
	GlobalSection(SolutionConfigurationPlatforms) = preSolution
		Debug|Any CPU = Debug|Any CPU
		Release|Any CPU = Release|Any CPU
	EndGlobalSection
	GlobalSection(ProjectConfigurationPlatforms) = postSolution
		{8CEF1E34-5F53-4C8B-99F4-741B7445E54A}.Debug|Any CPU.ActiveCfg = Debug|Any CPU
		{8CEF1E34-5F53-4C8B-99F4-741B7445E54A}.Debug|Any CPU.Build.0 = Debug|Any CPU
		{8CEF1E34-5F53-4C8B-99F4-741B7445E54A}.Release|Any CPU.ActiveCfg = Release|Any CPU
		{8CEF1E34-5F53-4C8B-99F4-741B7445E54A}.Release|Any CPU.Build.0 = Release|Any CPU
	EndGlobalSection
	GlobalSection(SolutionProperties) = preSolution
		HideSolutionNode = FALSE
	EndGlobalSection
	GlobalSection(ExtensibilityGlobals) = postSolution
		SolutionGuid = {EB979A4D-4626-4048-8953-0D5026729596}
	EndGlobalSection
EndGlobal
